PODS:
  - AloeStackView (1.0.1)
  - FontAwesome.swift (1.5.1)
  - MaterialComponents/Cards (78.0.1):
    - "MaterialComponents/Cards+Private"
    - MaterialComponents/Ink
    - MaterialComponents/private/Icons/ic_check_circle
    - MaterialComponents/private/Math
    - MaterialComponents/ShadowLayer
    - MaterialComponents/Shapes
  - "MaterialComponents/Cards+Private (78.0.1)"
  - MaterialComponents/Ink (78.0.1):
    - MaterialComponents/private/Math
  - MaterialComponents/private/Icons/Base (78.0.1)
  - MaterialComponents/private/Icons/ic_check_circle (78.0.1):
    - MaterialComponents/private/Icons/Base
  - MaterialComponents/private/Math (78.0.1)
  - MaterialComponents/ShadowElevations (78.0.1)
  - MaterialComponents/ShadowLayer (78.0.1):
    - MaterialComponents/ShadowElevations
  - MaterialComponents/Shapes (78.0.1):
    - MaterialComponents/private/Math
    - MaterialComponents/ShadowLayer
  - PureLayout (3.1.4)
  - ScrollableGraphView (4.0.6)

DEPENDENCIES:
  - AloeStackView
  - FontAwesome.swift
  - MaterialComponents/Cards
  - PureLayout
  - ScrollableGraphView

SPEC REPOS:
  https://github.com/cocoapods/specs.git:
    - AloeStackView
    - FontAwesome.swift
    - MaterialComponents
    - PureLayout
    - ScrollableGraphView

SPEC CHECKSUMS:
  AloeStackView: d22c006da4510db5e220968234174654b5ed6ea5
  FontAwesome.swift: 9b5a9b9adb6d48b2d37c1e789889ef377cfbc205
  MaterialComponents: 1e1d1a8356bbf2b80f6a0aa32018cda8ac8065a5
  PureLayout: f08c01b8dec00bb14a1fefa3de4c7d9c265df85e
  ScrollableGraphView: 4af35d4ea9ecdec665d34a74da51da161ddff8ac

PODFILE CHECKSUM: 1cc61b1f020da68c34cf50a9ff4d6632a597e7d1

COCOAPODS: 1.6.1
