// !$*UTF8*$!
{
	archiveVersion = 1;
	classes = {
	};
	objectVersion = 51;
	objects = {

/* Begin PBXBuildFile section */
		5100DAD2C8E7413E826813B5 /* Pods_BrightspotsTests.framework in Frameworks */ = {isa = PBXBuildFile; fileRef = D5FC2C72A54E25218E822A63 /* Pods_BrightspotsTests.framework */; };
		5B9DA33BC6DC9A7FAE216EC9 /* Pods_Brightspots.framework in Frameworks */ = {isa = PBXBuildFile; fileRef = F7728331E13553501C127623 /* Pods_Brightspots.framework */; };
		7543C913222F47E80025D020 /* SimpleChartRowView.swift in Sources */ = {isa = PBXBuildFile; fileRef = 7543C912222F47E80025D020 /* SimpleChartRowView.swift */; };
		7543C916222F5F250025D020 /* Examples.swift in Sources */ = {isa = PBXBuildFile; fileRef = 7543C915222F5F250025D020 /* Examples.swift */; };
		7543C91C2231E0E80025D020 /* Constants.swift in Sources */ = {isa = PBXBuildFile; fileRef = 7543C91B2231E0E80025D020 /* Constants.swift */; };
		7543C91E2231E4530025D020 /* ColorSchemes.swift in Sources */ = {isa = PBXBuildFile; fileRef = 7543C91D2231E4530025D020 /* ColorSchemes.swift */; };
		7543C9202231EAC30025D020 /* SimpleChart.swift in Sources */ = {isa = PBXBuildFile; fileRef = 7543C91F2231EAC30025D020 /* SimpleChart.swift */; };
		7543C922223332890025D020 /* NightscoutService.swift in Sources */ = {isa = PBXBuildFile; fileRef = 7543C921223332890025D020 /* NightscoutService.swift */; };
		7543C926223333390025D020 /* NightscoutData.swift in Sources */ = {isa = PBXBuildFile; fileRef = 7543C925223333390025D020 /* NightscoutData.swift */; };
		7543C92822336DE10025D020 /* Units.swift in Sources */ = {isa = PBXBuildFile; fileRef = 7543C92722336DE10025D020 /* Units.swift */; };
		7543C92A22336E0B0025D020 /* BloodSugarArrayExtension.swift in Sources */ = {isa = PBXBuildFile; fileRef = 7543C92922336E0B0025D020 /* BloodSugarArrayExtension.swift */; };
		7543C92C22336E300025D020 /* BloodSugar.swift in Sources */ = {isa = PBXBuildFile; fileRef = 7543C92B22336E300025D020 /* BloodSugar.swift */; };
		7543C92F22336EA80025D020 /* TimeService.swift in Sources */ = {isa = PBXBuildFile; fileRef = 7543C92E22336EA80025D020 /* TimeService.swift */; };
		7543C93122336ED50025D020 /* UnitsConverter.swift in Sources */ = {isa = PBXBuildFile; fileRef = 7543C93022336ED50025D020 /* UnitsConverter.swift */; };
		7543C93522336F220025D020 /* NightscoutDataRepository.swift in Sources */ = {isa = PBXBuildFile; fileRef = 7543C93422336F220025D020 /* NightscoutDataRepository.swift */; };
		7543C93722336F4B0025D020 /* UserDefaultsRepository.swift in Sources */ = {isa = PBXBuildFile; fileRef = 7543C93622336F4B0025D020 /* UserDefaultsRepository.swift */; };
		7543C93922336F910025D020 /* Helpers.swift in Sources */ = {isa = PBXBuildFile; fileRef = 7543C93822336F910025D020 /* Helpers.swift */; };
		7543C93C22336FCF0025D020 /* UserDefaultsValue.swift in Sources */ = {isa = PBXBuildFile; fileRef = 7543C93B22336FCF0025D020 /* UserDefaultsValue.swift */; };
		7543C93E22336FFD0025D020 /* UserDefaultsValueGroups.swift in Sources */ = {isa = PBXBuildFile; fileRef = 7543C93D22336FFD0025D020 /* UserDefaultsValueGroups.swift */; };
		7543C940223370480025D020 /* ObservationToken.swift in Sources */ = {isa = PBXBuildFile; fileRef = 7543C93F223370480025D020 /* ObservationToken.swift */; };
		7543C9432233715C0025D020 /* FloatExtension.swift in Sources */ = {isa = PBXBuildFile; fileRef = 7543C9422233715C0025D020 /* FloatExtension.swift */; };
		7543C945223371710025D020 /* StringExtension.swift in Sources */ = {isa = PBXBuildFile; fileRef = 7543C944223371710025D020 /* StringExtension.swift */; };
		7543C9472233718D0025D020 /* DoubleExtension.swift in Sources */ = {isa = PBXBuildFile; fileRef = 7543C9462233718C0025D020 /* DoubleExtension.swift */; };
		7543C9492233721B0025D020 /* AppConstants.swift in Sources */ = {isa = PBXBuildFile; fileRef = 7543C9482233721B0025D020 /* AppConstants.swift */; };
		7543C94B2233728B0025D020 /* AnyConvertible.swift in Sources */ = {isa = PBXBuildFile; fileRef = 7543C94A2233728B0025D020 /* AnyConvertible.swift */; };
		7543C94D223372A60025D020 /* ArrayExtension.swift in Sources */ = {isa = PBXBuildFile; fileRef = 7543C94C223372A60025D020 /* ArrayExtension.swift */; };
		7543C94F223373AB0025D020 /* NightscoutCacheService.swift in Sources */ = {isa = PBXBuildFile; fileRef = 7543C94E223373AB0025D020 /* NightscoutCacheService.swift */; };
		7543C951223377370025D020 /* PredictionService.swift in Sources */ = {isa = PBXBuildFile; fileRef = 7543C950223377370025D020 /* PredictionService.swift */; };
		7543C954223378790025D020 /* Matrix.swift in Sources */ = {isa = PBXBuildFile; fileRef = 7543C953223378790025D020 /* Matrix.swift */; };
		7543C956223378970025D020 /* Matrix+Append.swift in Sources */ = {isa = PBXBuildFile; fileRef = 7543C955223378970025D020 /* Matrix+Append.swift */; };
		7543C958223378B70025D020 /* Matrix+Description.swift in Sources */ = {isa = PBXBuildFile; fileRef = 7543C957223378B70025D020 /* Matrix+Description.swift */; };
		7543C95A223378D10025D020 /* Regression.swift in Sources */ = {isa = PBXBuildFile; fileRef = 7543C959223378D10025D020 /* Regression.swift */; };
		7543C95C223378E20025D020 /* RegressionHelper.swift in Sources */ = {isa = PBXBuildFile; fileRef = 7543C95B223378E20025D020 /* RegressionHelper.swift */; };
		7543C9602235A5710025D020 /* Auth0.plist in Resources */ = {isa = PBXBuildFile; fileRef = 7543C95F2235A5710025D020 /* Auth0.plist */; };
		7543C9652235AAE00025D020 /* LaunchViewController.swift in Sources */ = {isa = PBXBuildFile; fileRef = 7543C9642235AAE00025D020 /* LaunchViewController.swift */; };
		7543C9672235AF4A0025D020 /* Launch.storyboard in Resources */ = {isa = PBXBuildFile; fileRef = 7543C9662235AF4A0025D020 /* Launch.storyboard */; };
		7543C96A22360D1B0025D020 /* Signup.storyboard in Resources */ = {isa = PBXBuildFile; fileRef = 7543C96922360D1B0025D020 /* Signup.storyboard */; };
		7543C96C22360E010025D020 /* ChooseAccountTypeViewController.swift in Sources */ = {isa = PBXBuildFile; fileRef = 7543C96B22360E010025D020 /* ChooseAccountTypeViewController.swift */; };
		7543C96E2236C41B0025D020 /* DiabeticTypeViewController.swift in Sources */ = {isa = PBXBuildFile; fileRef = 7543C96D2236C41B0025D020 /* DiabeticTypeViewController.swift */; };
		7543C9702236C42E0025D020 /* RelationViewController.swift in Sources */ = {isa = PBXBuildFile; fileRef = 7543C96F2236C42E0025D020 /* RelationViewController.swift */; };
		7543C972223893050025D020 /* SessionManager.swift in Sources */ = {isa = PBXBuildFile; fileRef = 7543C971223893050025D020 /* SessionManager.swift */; };
		758E5F23222C857700D77169 /* AppDelegate.swift in Sources */ = {isa = PBXBuildFile; fileRef = 758E5F22222C857700D77169 /* AppDelegate.swift */; };
		758E5F25222C857700D77169 /* HomeViewController.swift in Sources */ = {isa = PBXBuildFile; fileRef = 758E5F24222C857700D77169 /* HomeViewController.swift */; };
		758E5F27222C857700D77169 /* NetworkViewController.swift in Sources */ = {isa = PBXBuildFile; fileRef = 758E5F26222C857700D77169 /* NetworkViewController.swift */; };
		758E5F2A222C857700D77169 /* Main.storyboard in Resources */ = {isa = PBXBuildFile; fileRef = 758E5F28222C857700D77169 /* Main.storyboard */; };
		758E5F2C222C857900D77169 /* Assets.xcassets in Resources */ = {isa = PBXBuildFile; fileRef = 758E5F2B222C857900D77169 /* Assets.xcassets */; };
		758E5F2F222C857900D77169 /* LaunchScreen.storyboard in Resources */ = {isa = PBXBuildFile; fileRef = 758E5F2D222C857900D77169 /* LaunchScreen.storyboard */; };
		758E5F3A222C857900D77169 /* BrightspotsTests.swift in Sources */ = {isa = PBXBuildFile; fileRef = 758E5F39222C857900D77169 /* BrightspotsTests.swift */; };
		758E5F56222C881600D77169 /* ReportsViewController.swift in Sources */ = {isa = PBXBuildFile; fileRef = 758E5F55222C881600D77169 /* ReportsViewController.swift */; };
		758E5F58222CD57600D77169 /* MainTabBarViewController.swift in Sources */ = {isa = PBXBuildFile; fileRef = 758E5F57222CD57600D77169 /* MainTabBarViewController.swift */; };
		758E5F5A222CD82800D77169 /* LogViewController.swift in Sources */ = {isa = PBXBuildFile; fileRef = 758E5F59222CD82800D77169 /* LogViewController.swift */; };
		758E5F65222DD2E200D77169 /* SwitchRowView.swift in Sources */ = {isa = PBXBuildFile; fileRef = 758E5F63222DD2E200D77169 /* SwitchRowView.swift */; };
		758E5F66222DD2E200D77169 /* ExpandingRowView.swift in Sources */ = {isa = PBXBuildFile; fileRef = 758E5F64222DD2E200D77169 /* ExpandingRowView.swift */; };
		758E5F68222DD2EB00D77169 /* PhotoViewController.swift in Sources */ = {isa = PBXBuildFile; fileRef = 758E5F67222DD2EB00D77169 /* PhotoViewController.swift */; };
		758E5F6C222DFF4000D77169 /* ScheduleViewController.swift in Sources */ = {isa = PBXBuildFile; fileRef = 758E5F6B222DFF4000D77169 /* ScheduleViewController.swift */; };
		758E5F6E222E12CE00D77169 /* TrackViewController.swift in Sources */ = {isa = PBXBuildFile; fileRef = 758E5F6D222E12CE00D77169 /* TrackViewController.swift */; };
		75F99CD82246D13B002C5120 /* IntroViewController.swift in Sources */ = {isa = PBXBuildFile; fileRef = 75F99CD72246D13B002C5120 /* IntroViewController.swift */; };
		75F99CDB2246EF97002C5120 /* Login.storyboard in Resources */ = {isa = PBXBuildFile; fileRef = 75F99CDA2246EF97002C5120 /* Login.storyboard */; };
		75F99CDE22470545002C5120 /* LoginViewController.swift in Sources */ = {isa = PBXBuildFile; fileRef = 75F99CDD22470545002C5120 /* LoginViewController.swift */; };
		75FDCD1422C005E90085D48C /* SimpleBaseNotificationCard.swift in Sources */ = {isa = PBXBuildFile; fileRef = 75FDCD1322C005E90085D48C /* SimpleBaseNotificationCard.swift */; };
/* End PBXBuildFile section */

/* Begin PBXContainerItemProxy section */
		758E5F36222C857900D77169 /* PBXContainerItemProxy */ = {
			isa = PBXContainerItemProxy;
			containerPortal = 758E5F17222C857700D77169 /* Project object */;
			proxyType = 1;
			remoteGlobalIDString = 758E5F1E222C857700D77169;
			remoteInfo = Brightspots;
		};
/* End PBXContainerItemProxy section */

/* Begin PBXFileReference section */
		1D5194D63CC05F9AF93EAA8E /* Pods-BrightspotsTests.debug.xcconfig */ = {isa = PBXFileReference; includeInIndex = 1; lastKnownFileType = text.xcconfig; name = "Pods-BrightspotsTests.debug.xcconfig"; path = "Target Support Files/Pods-BrightspotsTests/Pods-BrightspotsTests.debug.xcconfig"; sourceTree = "<group>"; };
		4083E7344E27775DDCBC8485 /* Pods-BrightspotsTests.release.xcconfig */ = {isa = PBXFileReference; includeInIndex = 1; lastKnownFileType = text.xcconfig; name = "Pods-BrightspotsTests.release.xcconfig"; path = "Target Support Files/Pods-BrightspotsTests/Pods-BrightspotsTests.release.xcconfig"; sourceTree = "<group>"; };
		57A33AAAAA3CEF354DDCCC2B /* Pods-Brightspots.debug.xcconfig */ = {isa = PBXFileReference; includeInIndex = 1; lastKnownFileType = text.xcconfig; name = "Pods-Brightspots.debug.xcconfig"; path = "Target Support Files/Pods-Brightspots/Pods-Brightspots.debug.xcconfig"; sourceTree = "<group>"; };
		7543C912222F47E80025D020 /* SimpleChartRowView.swift */ = {isa = PBXFileReference; fileEncoding = 4; lastKnownFileType = sourcecode.swift; path = SimpleChartRowView.swift; sourceTree = "<group>"; };
		7543C915222F5F250025D020 /* Examples.swift */ = {isa = PBXFileReference; lastKnownFileType = sourcecode.swift; path = Examples.swift; sourceTree = "<group>"; };
		7543C91B2231E0E80025D020 /* Constants.swift */ = {isa = PBXFileReference; lastKnownFileType = sourcecode.swift; path = Constants.swift; sourceTree = "<group>"; };
		7543C91D2231E4530025D020 /* ColorSchemes.swift */ = {isa = PBXFileReference; lastKnownFileType = sourcecode.swift; path = ColorSchemes.swift; sourceTree = "<group>"; };
		7543C91F2231EAC30025D020 /* SimpleChart.swift */ = {isa = PBXFileReference; fileEncoding = 4; lastKnownFileType = sourcecode.swift; path = SimpleChart.swift; sourceTree = "<group>"; };
		7543C921223332890025D020 /* NightscoutService.swift */ = {isa = PBXFileReference; lastKnownFileType = sourcecode.swift; path = NightscoutService.swift; sourceTree = "<group>"; };
		7543C925223333390025D020 /* NightscoutData.swift */ = {isa = PBXFileReference; lastKnownFileType = sourcecode.swift; path = NightscoutData.swift; sourceTree = "<group>"; };
		7543C92722336DE10025D020 /* Units.swift */ = {isa = PBXFileReference; lastKnownFileType = sourcecode.swift; path = Units.swift; sourceTree = "<group>"; };
		7543C92922336E0B0025D020 /* BloodSugarArrayExtension.swift */ = {isa = PBXFileReference; lastKnownFileType = sourcecode.swift; path = BloodSugarArrayExtension.swift; sourceTree = "<group>"; };
		7543C92B22336E300025D020 /* BloodSugar.swift */ = {isa = PBXFileReference; lastKnownFileType = sourcecode.swift; path = BloodSugar.swift; sourceTree = "<group>"; };
		7543C92E22336EA80025D020 /* TimeService.swift */ = {isa = PBXFileReference; lastKnownFileType = sourcecode.swift; path = TimeService.swift; sourceTree = "<group>"; };
		7543C93022336ED50025D020 /* UnitsConverter.swift */ = {isa = PBXFileReference; lastKnownFileType = sourcecode.swift; path = UnitsConverter.swift; sourceTree = "<group>"; };
		7543C93422336F220025D020 /* NightscoutDataRepository.swift */ = {isa = PBXFileReference; lastKnownFileType = sourcecode.swift; path = NightscoutDataRepository.swift; sourceTree = "<group>"; };
		7543C93622336F4B0025D020 /* UserDefaultsRepository.swift */ = {isa = PBXFileReference; lastKnownFileType = sourcecode.swift; path = UserDefaultsRepository.swift; sourceTree = "<group>"; };
		7543C93822336F910025D020 /* Helpers.swift */ = {isa = PBXFileReference; lastKnownFileType = sourcecode.swift; path = Helpers.swift; sourceTree = "<group>"; };
		7543C93B22336FCF0025D020 /* UserDefaultsValue.swift */ = {isa = PBXFileReference; lastKnownFileType = sourcecode.swift; path = UserDefaultsValue.swift; sourceTree = "<group>"; };
		7543C93D22336FFD0025D020 /* UserDefaultsValueGroups.swift */ = {isa = PBXFileReference; lastKnownFileType = sourcecode.swift; path = UserDefaultsValueGroups.swift; sourceTree = "<group>"; };
		7543C93F223370480025D020 /* ObservationToken.swift */ = {isa = PBXFileReference; lastKnownFileType = sourcecode.swift; path = ObservationToken.swift; sourceTree = "<group>"; };
		7543C9422233715C0025D020 /* FloatExtension.swift */ = {isa = PBXFileReference; lastKnownFileType = sourcecode.swift; path = FloatExtension.swift; sourceTree = "<group>"; };
		7543C944223371710025D020 /* StringExtension.swift */ = {isa = PBXFileReference; lastKnownFileType = sourcecode.swift; path = StringExtension.swift; sourceTree = "<group>"; };
		7543C9462233718C0025D020 /* DoubleExtension.swift */ = {isa = PBXFileReference; lastKnownFileType = sourcecode.swift; path = DoubleExtension.swift; sourceTree = "<group>"; };
		7543C9482233721B0025D020 /* AppConstants.swift */ = {isa = PBXFileReference; lastKnownFileType = sourcecode.swift; path = AppConstants.swift; sourceTree = "<group>"; };
		7543C94A2233728B0025D020 /* AnyConvertible.swift */ = {isa = PBXFileReference; lastKnownFileType = sourcecode.swift; path = AnyConvertible.swift; sourceTree = "<group>"; };
		7543C94C223372A60025D020 /* ArrayExtension.swift */ = {isa = PBXFileReference; lastKnownFileType = sourcecode.swift; path = ArrayExtension.swift; sourceTree = "<group>"; };
		7543C94E223373AB0025D020 /* NightscoutCacheService.swift */ = {isa = PBXFileReference; lastKnownFileType = sourcecode.swift; path = NightscoutCacheService.swift; sourceTree = "<group>"; };
		7543C950223377370025D020 /* PredictionService.swift */ = {isa = PBXFileReference; lastKnownFileType = sourcecode.swift; path = PredictionService.swift; sourceTree = "<group>"; };
		7543C953223378790025D020 /* Matrix.swift */ = {isa = PBXFileReference; lastKnownFileType = sourcecode.swift; path = Matrix.swift; sourceTree = "<group>"; };
		7543C955223378970025D020 /* Matrix+Append.swift */ = {isa = PBXFileReference; lastKnownFileType = sourcecode.swift; path = "Matrix+Append.swift"; sourceTree = "<group>"; };
		7543C957223378B70025D020 /* Matrix+Description.swift */ = {isa = PBXFileReference; lastKnownFileType = sourcecode.swift; path = "Matrix+Description.swift"; sourceTree = "<group>"; };
		7543C959223378D10025D020 /* Regression.swift */ = {isa = PBXFileReference; lastKnownFileType = sourcecode.swift; path = Regression.swift; sourceTree = "<group>"; };
		7543C95B223378E20025D020 /* RegressionHelper.swift */ = {isa = PBXFileReference; lastKnownFileType = sourcecode.swift; path = RegressionHelper.swift; sourceTree = "<group>"; };
		7543C95F2235A5710025D020 /* Auth0.plist */ = {isa = PBXFileReference; lastKnownFileType = text.plist.xml; path = Auth0.plist; sourceTree = "<group>"; };
		7543C9642235AAE00025D020 /* LaunchViewController.swift */ = {isa = PBXFileReference; lastKnownFileType = sourcecode.swift; path = LaunchViewController.swift; sourceTree = "<group>"; };
		7543C9662235AF4A0025D020 /* Launch.storyboard */ = {isa = PBXFileReference; lastKnownFileType = file.storyboard; path = Launch.storyboard; sourceTree = "<group>"; };
		7543C96922360D1B0025D020 /* Signup.storyboard */ = {isa = PBXFileReference; lastKnownFileType = file.storyboard; path = Signup.storyboard; sourceTree = "<group>"; };
		7543C96B22360E010025D020 /* ChooseAccountTypeViewController.swift */ = {isa = PBXFileReference; lastKnownFileType = sourcecode.swift; path = ChooseAccountTypeViewController.swift; sourceTree = "<group>"; };
		7543C96D2236C41B0025D020 /* DiabeticTypeViewController.swift */ = {isa = PBXFileReference; lastKnownFileType = sourcecode.swift; path = DiabeticTypeViewController.swift; sourceTree = "<group>"; };
		7543C96F2236C42E0025D020 /* RelationViewController.swift */ = {isa = PBXFileReference; lastKnownFileType = sourcecode.swift; path = RelationViewController.swift; sourceTree = "<group>"; };
		7543C971223893050025D020 /* SessionManager.swift */ = {isa = PBXFileReference; lastKnownFileType = sourcecode.swift; path = SessionManager.swift; sourceTree = "<group>"; };
		758E5F1F222C857700D77169 /* Brightspots.app */ = {isa = PBXFileReference; explicitFileType = wrapper.application; includeInIndex = 0; path = Brightspots.app; sourceTree = BUILT_PRODUCTS_DIR; };
		758E5F22222C857700D77169 /* AppDelegate.swift */ = {isa = PBXFileReference; lastKnownFileType = sourcecode.swift; path = AppDelegate.swift; sourceTree = "<group>"; };
		758E5F24222C857700D77169 /* HomeViewController.swift */ = {isa = PBXFileReference; lastKnownFileType = sourcecode.swift; path = HomeViewController.swift; sourceTree = "<group>"; };
		758E5F26222C857700D77169 /* NetworkViewController.swift */ = {isa = PBXFileReference; lastKnownFileType = sourcecode.swift; path = NetworkViewController.swift; sourceTree = "<group>"; };
		758E5F29222C857700D77169 /* Base */ = {isa = PBXFileReference; lastKnownFileType = file.storyboard; name = Base; path = Base.lproj/Main.storyboard; sourceTree = "<group>"; };
		758E5F2B222C857900D77169 /* Assets.xcassets */ = {isa = PBXFileReference; lastKnownFileType = folder.assetcatalog; path = Assets.xcassets; sourceTree = "<group>"; };
		758E5F2E222C857900D77169 /* Base */ = {isa = PBXFileReference; lastKnownFileType = file.storyboard; name = Base; path = Base.lproj/LaunchScreen.storyboard; sourceTree = "<group>"; };
		758E5F30222C857900D77169 /* Info.plist */ = {isa = PBXFileReference; lastKnownFileType = text.plist.xml; path = Info.plist; sourceTree = "<group>"; };
		758E5F35222C857900D77169 /* BrightspotsTests.xctest */ = {isa = PBXFileReference; explicitFileType = wrapper.cfbundle; includeInIndex = 0; path = BrightspotsTests.xctest; sourceTree = BUILT_PRODUCTS_DIR; };
		758E5F39222C857900D77169 /* BrightspotsTests.swift */ = {isa = PBXFileReference; lastKnownFileType = sourcecode.swift; path = BrightspotsTests.swift; sourceTree = "<group>"; };
		758E5F3B222C857900D77169 /* Info.plist */ = {isa = PBXFileReference; lastKnownFileType = text.plist.xml; path = Info.plist; sourceTree = "<group>"; };
		758E5F55222C881600D77169 /* ReportsViewController.swift */ = {isa = PBXFileReference; lastKnownFileType = sourcecode.swift; path = ReportsViewController.swift; sourceTree = "<group>"; };
		758E5F57222CD57600D77169 /* MainTabBarViewController.swift */ = {isa = PBXFileReference; lastKnownFileType = sourcecode.swift; path = MainTabBarViewController.swift; sourceTree = "<group>"; };
		758E5F59222CD82800D77169 /* LogViewController.swift */ = {isa = PBXFileReference; lastKnownFileType = sourcecode.swift; path = LogViewController.swift; sourceTree = "<group>"; };
		758E5F63222DD2E200D77169 /* SwitchRowView.swift */ = {isa = PBXFileReference; fileEncoding = 4; lastKnownFileType = sourcecode.swift; path = SwitchRowView.swift; sourceTree = "<group>"; };
		758E5F64222DD2E200D77169 /* ExpandingRowView.swift */ = {isa = PBXFileReference; fileEncoding = 4; lastKnownFileType = sourcecode.swift; path = ExpandingRowView.swift; sourceTree = "<group>"; };
		758E5F67222DD2EB00D77169 /* PhotoViewController.swift */ = {isa = PBXFileReference; fileEncoding = 4; lastKnownFileType = sourcecode.swift; path = PhotoViewController.swift; sourceTree = "<group>"; };
		758E5F6B222DFF4000D77169 /* ScheduleViewController.swift */ = {isa = PBXFileReference; lastKnownFileType = sourcecode.swift; path = ScheduleViewController.swift; sourceTree = "<group>"; };
		758E5F6D222E12CE00D77169 /* TrackViewController.swift */ = {isa = PBXFileReference; fileEncoding = 4; lastKnownFileType = sourcecode.swift; path = TrackViewController.swift; sourceTree = "<group>"; };
		75F99CD72246D13B002C5120 /* IntroViewController.swift */ = {isa = PBXFileReference; lastKnownFileType = sourcecode.swift; path = IntroViewController.swift; sourceTree = "<group>"; };
		75F99CDA2246EF97002C5120 /* Login.storyboard */ = {isa = PBXFileReference; lastKnownFileType = file.storyboard; path = Login.storyboard; sourceTree = "<group>"; };
		75F99CDD22470545002C5120 /* LoginViewController.swift */ = {isa = PBXFileReference; lastKnownFileType = sourcecode.swift; path = LoginViewController.swift; sourceTree = "<group>"; };
		75FDCD1322C005E90085D48C /* SimpleBaseNotificationCard.swift */ = {isa = PBXFileReference; lastKnownFileType = sourcecode.swift; path = SimpleBaseNotificationCard.swift; sourceTree = "<group>"; };
		C12387F41CE4332CB568FF80 /* Pods-Brightspots.release.xcconfig */ = {isa = PBXFileReference; includeInIndex = 1; lastKnownFileType = text.xcconfig; name = "Pods-Brightspots.release.xcconfig"; path = "Target Support Files/Pods-Brightspots/Pods-Brightspots.release.xcconfig"; sourceTree = "<group>"; };
		D5FC2C72A54E25218E822A63 /* Pods_BrightspotsTests.framework */ = {isa = PBXFileReference; explicitFileType = wrapper.framework; includeInIndex = 0; path = Pods_BrightspotsTests.framework; sourceTree = BUILT_PRODUCTS_DIR; };
		F7728331E13553501C127623 /* Pods_Brightspots.framework */ = {isa = PBXFileReference; explicitFileType = wrapper.framework; includeInIndex = 0; path = Pods_Brightspots.framework; sourceTree = BUILT_PRODUCTS_DIR; };
/* End PBXFileReference section */

/* Begin PBXFrameworksBuildPhase section */
		758E5F1C222C857700D77169 /* Frameworks */ = {
			isa = PBXFrameworksBuildPhase;
			buildActionMask = 2147483647;
			files = (
				5B9DA33BC6DC9A7FAE216EC9 /* Pods_Brightspots.framework in Frameworks */,
			);
			runOnlyForDeploymentPostprocessing = 0;
		};
		758E5F32222C857900D77169 /* Frameworks */ = {
			isa = PBXFrameworksBuildPhase;
			buildActionMask = 2147483647;
			files = (
				5100DAD2C8E7413E826813B5 /* Pods_BrightspotsTests.framework in Frameworks */,
			);
			runOnlyForDeploymentPostprocessing = 0;
		};
/* End PBXFrameworksBuildPhase section */

/* Begin PBXGroup section */
		7543C914222F5E170025D020 /* Model */ = {
			isa = PBXGroup;
			children = (
			);
			path = Model;
			sourceTree = "<group>";
		};
		7543C9172231E06A0025D020 /* Services */ = {
			isa = PBXGroup;
			children = (
				7543C923223332FE0025D020 /* Nightscout */,
			);
			path = Services;
			sourceTree = "<group>";
		};
		7543C9192231E0940025D020 /* Animations */ = {
			isa = PBXGroup;
			children = (
			);
			path = Animations;
			sourceTree = "<group>";
		};
		7543C91A2231E0C50025D020 /* General */ = {
			isa = PBXGroup;
			children = (
				758E5F22222C857700D77169 /* AppDelegate.swift */,
				758E5F2D222C857900D77169 /* LaunchScreen.storyboard */,
				7543C91B2231E0E80025D020 /* Constants.swift */,
				7543C91D2231E4530025D020 /* ColorSchemes.swift */,
			);
			path = General;
			sourceTree = "<group>";
		};
		7543C923223332FE0025D020 /* Nightscout */ = {
			isa = PBXGroup;
			children = (
				7543C9522233785D0025D020 /* Regression */,
				7543C921223332890025D020 /* NightscoutService.swift */,
				7543C94E223373AB0025D020 /* NightscoutCacheService.swift */,
				7543C93022336ED50025D020 /* UnitsConverter.swift */,
				7543C92E22336EA80025D020 /* TimeService.swift */,
				7543C950223377370025D020 /* PredictionService.swift */,
			);
			path = Nightscout;
			sourceTree = "<group>";
		};
		7543C9242233331C0025D020 /* Model */ = {
			isa = PBXGroup;
			children = (
				7543C92D22336E8A0025D020 /* Nightscout */,
			);
			path = Model;
			sourceTree = "<group>";
		};
		7543C92D22336E8A0025D020 /* Nightscout */ = {
			isa = PBXGroup;
			children = (
				7543C925223333390025D020 /* NightscoutData.swift */,
				7543C92722336DE10025D020 /* Units.swift */,
				7543C92922336E0B0025D020 /* BloodSugarArrayExtension.swift */,
				7543C92B22336E300025D020 /* BloodSugar.swift */,
			);
			path = Nightscout;
			sourceTree = "<group>";
		};
		7543C93222336EFC0025D020 /* Repository */ = {
			isa = PBXGroup;
			children = (
				7543C93322336F070025D020 /* Nightscout */,
			);
			path = Repository;
			sourceTree = "<group>";
		};
		7543C93322336F070025D020 /* Nightscout */ = {
			isa = PBXGroup;
			children = (
				7543C93422336F220025D020 /* NightscoutDataRepository.swift */,
				7543C93622336F4B0025D020 /* UserDefaultsRepository.swift */,
			);
			path = Nightscout;
			sourceTree = "<group>";
		};
		7543C93A22336FB60025D020 /* Helpers */ = {
			isa = PBXGroup;
			children = (
				7543C941223370520025D020 /* Nightscout */,
				7543C971223893050025D020 /* SessionManager.swift */,
			);
			path = Helpers;
			sourceTree = "<group>";
		};
		7543C941223370520025D020 /* Nightscout */ = {
			isa = PBXGroup;
			children = (
				7543C93822336F910025D020 /* Helpers.swift */,
				7543C93B22336FCF0025D020 /* UserDefaultsValue.swift */,
				7543C93D22336FFD0025D020 /* UserDefaultsValueGroups.swift */,
				7543C93F223370480025D020 /* ObservationToken.swift */,
				7543C9422233715C0025D020 /* FloatExtension.swift */,
				7543C944223371710025D020 /* StringExtension.swift */,
				7543C9462233718C0025D020 /* DoubleExtension.swift */,
				7543C9482233721B0025D020 /* AppConstants.swift */,
				7543C94A2233728B0025D020 /* AnyConvertible.swift */,
				7543C94C223372A60025D020 /* ArrayExtension.swift */,
			);
			path = Nightscout;
			sourceTree = "<group>";
		};
		7543C9522233785D0025D020 /* Regression */ = {
			isa = PBXGroup;
			children = (
				7543C953223378790025D020 /* Matrix.swift */,
				7543C955223378970025D020 /* Matrix+Append.swift */,
				7543C957223378B70025D020 /* Matrix+Description.swift */,
				7543C959223378D10025D020 /* Regression.swift */,
				7543C95B223378E20025D020 /* RegressionHelper.swift */,
			);
			path = Regression;
			sourceTree = "<group>";
		};
		7543C9612235AA8D0025D020 /* Launch */ = {
			isa = PBXGroup;
			children = (
				7543C9632235AABA0025D020 /* Controllers */,
				7543C9622235AAA90025D020 /* Views */,
			);
			path = Launch;
			sourceTree = "<group>";
		};
		7543C9622235AAA90025D020 /* Views */ = {
			isa = PBXGroup;
			children = (
			);
			path = Views;
			sourceTree = "<group>";
		};
		7543C9632235AABA0025D020 /* Controllers */ = {
			isa = PBXGroup;
			children = (
				7543C9642235AAE00025D020 /* LaunchViewController.swift */,
				7543C9662235AF4A0025D020 /* Launch.storyboard */,
			);
			path = Controllers;
			sourceTree = "<group>";
		};
		7543C96822360CBA0025D020 /* Signup */ = {
			isa = PBXGroup;
			children = (
				75F99CD62246D10B002C5120 /* Controllers */,
				7543C96922360D1B0025D020 /* Signup.storyboard */,
			);
			path = Signup;
			sourceTree = "<group>";
		};
		758E5F16222C857700D77169 = {
			isa = PBXGroup;
			children = (
				758E5F21222C857700D77169 /* Brightspots */,
				758E5F38222C857900D77169 /* BrightspotsTests */,
				758E5F20222C857700D77169 /* Products */,
				B65411CDDE2CA3975C781EC5 /* Pods */,
				E7536119D8595A59F072A6FC /* Frameworks */,
			);
			sourceTree = "<group>";
		};
		758E5F20222C857700D77169 /* Products */ = {
			isa = PBXGroup;
			children = (
				758E5F1F222C857700D77169 /* Brightspots.app */,
				758E5F35222C857900D77169 /* BrightspotsTests.xctest */,
			);
			name = Products;
			sourceTree = "<group>";
		};
		758E5F21222C857700D77169 /* Brightspots */ = {
			isa = PBXGroup;
			children = (
				7543C91A2231E0C50025D020 /* General */,
				7543C93A22336FB60025D020 /* Helpers */,
				7543C93222336EFC0025D020 /* Repository */,
				7543C9242233331C0025D020 /* Model */,
				7543C9172231E06A0025D020 /* Services */,
				7543C9612235AA8D0025D020 /* Launch */,
				7543C96822360CBA0025D020 /* Signup */,
				75F99CD92246EF7D002C5120 /* Login */,
				758E5F52222C877E00D77169 /* Main */,
				7543C9192231E0940025D020 /* Animations */,
				758E5F2B222C857900D77169 /* Assets.xcassets */,
				758E5F30222C857900D77169 /* Info.plist */,
				7543C95F2235A5710025D020 /* Auth0.plist */,
			);
			path = Brightspots;
			sourceTree = "<group>";
		};
		758E5F38222C857900D77169 /* BrightspotsTests */ = {
			isa = PBXGroup;
			children = (
				758E5F39222C857900D77169 /* BrightspotsTests.swift */,
				758E5F3B222C857900D77169 /* Info.plist */,
			);
			path = BrightspotsTests;
			sourceTree = "<group>";
		};
		758E5F52222C877E00D77169 /* Main */ = {
			isa = PBXGroup;
			children = (
				7543C914222F5E170025D020 /* Model */,
				758E5F5C222DBE1900D77169 /* Controllers */,
				758E5F5B222DBE0500D77169 /* Views */,
				758E5F28222C857700D77169 /* Main.storyboard */,
			);
			path = Main;
			sourceTree = "<group>";
		};
		758E5F5B222DBE0500D77169 /* Views */ = {
			isa = PBXGroup;
			children = (
				7543C912222F47E80025D020 /* SimpleChartRowView.swift */,
				7543C91F2231EAC30025D020 /* SimpleChart.swift */,
				75FDCD1322C005E90085D48C /* SimpleBaseNotificationCard.swift */,
				7543C915222F5F250025D020 /* Examples.swift */,
				758E5F64222DD2E200D77169 /* ExpandingRowView.swift */,
				758E5F63222DD2E200D77169 /* SwitchRowView.swift */,
			);
			path = Views;
			sourceTree = "<group>";
		};
		758E5F5C222DBE1900D77169 /* Controllers */ = {
			isa = PBXGroup;
			children = (
				758E5F67222DD2EB00D77169 /* PhotoViewController.swift */,
				758E5F57222CD57600D77169 /* MainTabBarViewController.swift */,
				758E5F24222C857700D77169 /* HomeViewController.swift */,
				758E5F6B222DFF4000D77169 /* ScheduleViewController.swift */,
				758E5F6D222E12CE00D77169 /* TrackViewController.swift */,
				758E5F26222C857700D77169 /* NetworkViewController.swift */,
				758E5F55222C881600D77169 /* ReportsViewController.swift */,
				758E5F59222CD82800D77169 /* LogViewController.swift */,
			);
			path = Controllers;
			sourceTree = "<group>";
		};
		75F99CD62246D10B002C5120 /* Controllers */ = {
			isa = PBXGroup;
			children = (
				75F99CD72246D13B002C5120 /* IntroViewController.swift */,
				7543C96B22360E010025D020 /* ChooseAccountTypeViewController.swift */,
				7543C96D2236C41B0025D020 /* DiabeticTypeViewController.swift */,
				7543C96F2236C42E0025D020 /* RelationViewController.swift */,
			);
			path = Controllers;
			sourceTree = "<group>";
		};
		75F99CD92246EF7D002C5120 /* Login */ = {
			isa = PBXGroup;
			children = (
				75F99CDC2246EFAC002C5120 /* Controllers */,
				75F99CDA2246EF97002C5120 /* Login.storyboard */,
			);
			path = Login;
			sourceTree = "<group>";
		};
		75F99CDC2246EFAC002C5120 /* Controllers */ = {
			isa = PBXGroup;
			children = (
				75F99CDD22470545002C5120 /* LoginViewController.swift */,
			);
			path = Controllers;
			sourceTree = "<group>";
		};
		B65411CDDE2CA3975C781EC5 /* Pods */ = {
			isa = PBXGroup;
			children = (
				57A33AAAAA3CEF354DDCCC2B /* Pods-Brightspots.debug.xcconfig */,
				C12387F41CE4332CB568FF80 /* Pods-Brightspots.release.xcconfig */,
				1D5194D63CC05F9AF93EAA8E /* Pods-BrightspotsTests.debug.xcconfig */,
				4083E7344E27775DDCBC8485 /* Pods-BrightspotsTests.release.xcconfig */,
			);
			path = Pods;
			sourceTree = "<group>";
		};
		E7536119D8595A59F072A6FC /* Frameworks */ = {
			isa = PBXGroup;
			children = (
				F7728331E13553501C127623 /* Pods_Brightspots.framework */,
				D5FC2C72A54E25218E822A63 /* Pods_BrightspotsTests.framework */,
			);
			name = Frameworks;
			sourceTree = "<group>";
		};
/* End PBXGroup section */

/* Begin PBXNativeTarget section */
		758E5F1E222C857700D77169 /* Brightspots */ = {
			isa = PBXNativeTarget;
			buildConfigurationList = 758E5F49222C857900D77169 /* Build configuration list for PBXNativeTarget "Brightspots" */;
			buildPhases = (
				3AE14D31CEE17B730F00ABCE /* [CP] Check Pods Manifest.lock */,
				758E5F1B222C857700D77169 /* Sources */,
				758E5F1C222C857700D77169 /* Frameworks */,
				758E5F1D222C857700D77169 /* Resources */,
				C3E2A413207538E1230E993C /* [CP] Embed Pods Frameworks */,
			);
			buildRules = (
			);
			dependencies = (
			);
			name = Brightspots;
			productName = Brightspots;
			productReference = 758E5F1F222C857700D77169 /* Brightspots.app */;
			productType = "com.apple.product-type.application";
		};
		758E5F34222C857900D77169 /* BrightspotsTests */ = {
			isa = PBXNativeTarget;
			buildConfigurationList = 758E5F4C222C857900D77169 /* Build configuration list for PBXNativeTarget "BrightspotsTests" */;
			buildPhases = (
				BE91BE88C4EE2AB4CE1E53BB /* [CP] Check Pods Manifest.lock */,
				758E5F31222C857900D77169 /* Sources */,
				758E5F32222C857900D77169 /* Frameworks */,
				758E5F33222C857900D77169 /* Resources */,
			);
			buildRules = (
			);
			dependencies = (
				758E5F37222C857900D77169 /* PBXTargetDependency */,
			);
			name = BrightspotsTests;
			productName = BrightspotsTests;
			productReference = 758E5F35222C857900D77169 /* BrightspotsTests.xctest */;
			productType = "com.apple.product-type.bundle.unit-test";
		};
/* End PBXNativeTarget section */

/* Begin PBXProject section */
		758E5F17222C857700D77169 /* Project object */ = {
			isa = PBXProject;
			attributes = {
				LastSwiftUpdateCheck = 1010;
				LastUpgradeCheck = 1010;
				ORGANIZATIONNAME = "Michael Williams";
				TargetAttributes = {
					758E5F1E222C857700D77169 = {
						CreatedOnToolsVersion = 10.1;
						LastSwiftMigration = 1020;
					};
					758E5F34222C857900D77169 = {
						CreatedOnToolsVersion = 10.1;
						LastSwiftMigration = 1020;
						TestTargetID = 758E5F1E222C857700D77169;
					};
				};
			};
			buildConfigurationList = 758E5F1A222C857700D77169 /* Build configuration list for PBXProject "Brightspots" */;
			compatibilityVersion = "Xcode 9.3";
			developmentRegion = en;
			hasScannedForEncodings = 0;
			knownRegions = (
				en,
				Base,
			);
			mainGroup = 758E5F16222C857700D77169;
			productRefGroup = 758E5F20222C857700D77169 /* Products */;
			projectDirPath = "";
			projectRoot = "";
			targets = (
				758E5F1E222C857700D77169 /* Brightspots */,
				758E5F34222C857900D77169 /* BrightspotsTests */,
			);
		};
/* End PBXProject section */

/* Begin PBXResourcesBuildPhase section */
		758E5F1D222C857700D77169 /* Resources */ = {
			isa = PBXResourcesBuildPhase;
			buildActionMask = 2147483647;
			files = (
				758E5F2F222C857900D77169 /* LaunchScreen.storyboard in Resources */,
				7543C9672235AF4A0025D020 /* Launch.storyboard in Resources */,
				75F99CDB2246EF97002C5120 /* Login.storyboard in Resources */,
				758E5F2C222C857900D77169 /* Assets.xcassets in Resources */,
				758E5F2A222C857700D77169 /* Main.storyboard in Resources */,
				7543C96A22360D1B0025D020 /* Signup.storyboard in Resources */,
				7543C9602235A5710025D020 /* Auth0.plist in Resources */,
			);
			runOnlyForDeploymentPostprocessing = 0;
		};
		758E5F33222C857900D77169 /* Resources */ = {
			isa = PBXResourcesBuildPhase;
			buildActionMask = 2147483647;
			files = (
			);
			runOnlyForDeploymentPostprocessing = 0;
		};
/* End PBXResourcesBuildPhase section */

/* Begin PBXShellScriptBuildPhase section */
		3AE14D31CEE17B730F00ABCE /* [CP] Check Pods Manifest.lock */ = {
			isa = PBXShellScriptBuildPhase;
			buildActionMask = 2147483647;
			files = (
			);
			inputFileListPaths = (
			);
			inputPaths = (
				"${PODS_PODFILE_DIR_PATH}/Podfile.lock",
				"${PODS_ROOT}/Manifest.lock",
			);
			name = "[CP] Check Pods Manifest.lock";
			outputFileListPaths = (
			);
			outputPaths = (
				"$(DERIVED_FILE_DIR)/Pods-Brightspots-checkManifestLockResult.txt",
			);
			runOnlyForDeploymentPostprocessing = 0;
			shellPath = /bin/sh;
			shellScript = "diff \"${PODS_PODFILE_DIR_PATH}/Podfile.lock\" \"${PODS_ROOT}/Manifest.lock\" > /dev/null\nif [ $? != 0 ] ; then\n    # print error to STDERR\n    echo \"error: The sandbox is not in sync with the Podfile.lock. Run 'pod install' or update your CocoaPods installation.\" >&2\n    exit 1\nfi\n# This output is used by Xcode 'outputs' to avoid re-running this script phase.\necho \"SUCCESS\" > \"${SCRIPT_OUTPUT_FILE_0}\"\n";
			showEnvVarsInLog = 0;
		};
		BE91BE88C4EE2AB4CE1E53BB /* [CP] Check Pods Manifest.lock */ = {
			isa = PBXShellScriptBuildPhase;
			buildActionMask = 2147483647;
			files = (
			);
			inputFileListPaths = (
			);
			inputPaths = (
				"${PODS_PODFILE_DIR_PATH}/Podfile.lock",
				"${PODS_ROOT}/Manifest.lock",
			);
			name = "[CP] Check Pods Manifest.lock";
			outputFileListPaths = (
			);
			outputPaths = (
				"$(DERIVED_FILE_DIR)/Pods-BrightspotsTests-checkManifestLockResult.txt",
			);
			runOnlyForDeploymentPostprocessing = 0;
			shellPath = /bin/sh;
			shellScript = "diff \"${PODS_PODFILE_DIR_PATH}/Podfile.lock\" \"${PODS_ROOT}/Manifest.lock\" > /dev/null\nif [ $? != 0 ] ; then\n    # print error to STDERR\n    echo \"error: The sandbox is not in sync with the Podfile.lock. Run 'pod install' or update your CocoaPods installation.\" >&2\n    exit 1\nfi\n# This output is used by Xcode 'outputs' to avoid re-running this script phase.\necho \"SUCCESS\" > \"${SCRIPT_OUTPUT_FILE_0}\"\n";
			showEnvVarsInLog = 0;
		};
		C3E2A413207538E1230E993C /* [CP] Embed Pods Frameworks */ = {
			isa = PBXShellScriptBuildPhase;
			buildActionMask = 2147483647;
			files = (
			);
			inputFileListPaths = (
				"${PODS_ROOT}/Target Support Files/Pods-Brightspots/Pods-Brightspots-frameworks-${CONFIGURATION}-input-files.xcfilelist",
			);
			name = "[CP] Embed Pods Frameworks";
			outputFileListPaths = (
				"${PODS_ROOT}/Target Support Files/Pods-Brightspots/Pods-Brightspots-frameworks-${CONFIGURATION}-output-files.xcfilelist",
			);
			runOnlyForDeploymentPostprocessing = 0;
			shellPath = /bin/sh;
			shellScript = "\"${PODS_ROOT}/Target Support Files/Pods-Brightspots/Pods-Brightspots-frameworks.sh\"\n";
			showEnvVarsInLog = 0;
		};
/* End PBXShellScriptBuildPhase section */

/* Begin PBXSourcesBuildPhase section */
		758E5F1B222C857700D77169 /* Sources */ = {
			isa = PBXSourcesBuildPhase;
			buildActionMask = 2147483647;
			files = (
				7543C93722336F4B0025D020 /* UserDefaultsRepository.swift in Sources */,
				7543C945223371710025D020 /* StringExtension.swift in Sources */,
				7543C92F22336EA80025D020 /* TimeService.swift in Sources */,
				7543C91E2231E4530025D020 /* ColorSchemes.swift in Sources */,
				7543C916222F5F250025D020 /* Examples.swift in Sources */,
				7543C93522336F220025D020 /* NightscoutDataRepository.swift in Sources */,
				7543C93E22336FFD0025D020 /* UserDefaultsValueGroups.swift in Sources */,
				7543C958223378B70025D020 /* Matrix+Description.swift in Sources */,
				758E5F58222CD57600D77169 /* MainTabBarViewController.swift in Sources */,
				7543C94B2233728B0025D020 /* AnyConvertible.swift in Sources */,
				7543C956223378970025D020 /* Matrix+Append.swift in Sources */,
				7543C96E2236C41B0025D020 /* DiabeticTypeViewController.swift in Sources */,
				7543C9472233718D0025D020 /* DoubleExtension.swift in Sources */,
				7543C92C22336E300025D020 /* BloodSugar.swift in Sources */,
				75F99CDE22470545002C5120 /* LoginViewController.swift in Sources */,
				7543C9432233715C0025D020 /* FloatExtension.swift in Sources */,
				75F99CD82246D13B002C5120 /* IntroViewController.swift in Sources */,
				758E5F56222C881600D77169 /* ReportsViewController.swift in Sources */,
				7543C9702236C42E0025D020 /* RelationViewController.swift in Sources */,
				7543C9652235AAE00025D020 /* LaunchViewController.swift in Sources */,
				758E5F66222DD2E200D77169 /* ExpandingRowView.swift in Sources */,
				7543C954223378790025D020 /* Matrix.swift in Sources */,
				7543C93C22336FCF0025D020 /* UserDefaultsValue.swift in Sources */,
				7543C95C223378E20025D020 /* RegressionHelper.swift in Sources */,
				7543C91C2231E0E80025D020 /* Constants.swift in Sources */,
				7543C95A223378D10025D020 /* Regression.swift in Sources */,
				758E5F6E222E12CE00D77169 /* TrackViewController.swift in Sources */,
				7543C93122336ED50025D020 /* UnitsConverter.swift in Sources */,
				758E5F65222DD2E200D77169 /* SwitchRowView.swift in Sources */,
				758E5F27222C857700D77169 /* NetworkViewController.swift in Sources */,
				7543C951223377370025D020 /* PredictionService.swift in Sources */,
				7543C94F223373AB0025D020 /* NightscoutCacheService.swift in Sources */,
				75FDCD1422C005E90085D48C /* SimpleBaseNotificationCard.swift in Sources */,
				7543C913222F47E80025D020 /* SimpleChartRowView.swift in Sources */,
				758E5F5A222CD82800D77169 /* LogViewController.swift in Sources */,
				758E5F23222C857700D77169 /* AppDelegate.swift in Sources */,
				7543C96C22360E010025D020 /* ChooseAccountTypeViewController.swift in Sources */,
				7543C940223370480025D020 /* ObservationToken.swift in Sources */,
				7543C972223893050025D020 /* SessionManager.swift in Sources */,
				7543C92822336DE10025D020 /* Units.swift in Sources */,
				7543C94D223372A60025D020 /* ArrayExtension.swift in Sources */,
				7543C922223332890025D020 /* NightscoutService.swift in Sources */,
				7543C9492233721B0025D020 /* AppConstants.swift in Sources */,
				7543C9202231EAC30025D020 /* SimpleChart.swift in Sources */,
				758E5F25222C857700D77169 /* HomeViewController.swift in Sources */,
				7543C93922336F910025D020 /* Helpers.swift in Sources */,
				758E5F6C222DFF4000D77169 /* ScheduleViewController.swift in Sources */,
				758E5F68222DD2EB00D77169 /* PhotoViewController.swift in Sources */,
				7543C92A22336E0B0025D020 /* BloodSugarArrayExtension.swift in Sources */,
				7543C926223333390025D020 /* NightscoutData.swift in Sources */,
			);
			runOnlyForDeploymentPostprocessing = 0;
		};
		758E5F31222C857900D77169 /* Sources */ = {
			isa = PBXSourcesBuildPhase;
			buildActionMask = 2147483647;
			files = (
				758E5F3A222C857900D77169 /* BrightspotsTests.swift in Sources */,
			);
			runOnlyForDeploymentPostprocessing = 0;
		};
/* End PBXSourcesBuildPhase section */

/* Begin PBXTargetDependency section */
		758E5F37222C857900D77169 /* PBXTargetDependency */ = {
			isa = PBXTargetDependency;
			target = 758E5F1E222C857700D77169 /* Brightspots */;
			targetProxy = 758E5F36222C857900D77169 /* PBXContainerItemProxy */;
		};
/* End PBXTargetDependency section */

/* Begin PBXVariantGroup section */
		758E5F28222C857700D77169 /* Main.storyboard */ = {
			isa = PBXVariantGroup;
			children = (
				758E5F29222C857700D77169 /* Base */,
			);
			name = Main.storyboard;
			sourceTree = "<group>";
		};
		758E5F2D222C857900D77169 /* LaunchScreen.storyboard */ = {
			isa = PBXVariantGroup;
			children = (
				758E5F2E222C857900D77169 /* Base */,
			);
			name = LaunchScreen.storyboard;
			sourceTree = "<group>";
		};
/* End PBXVariantGroup section */

/* Begin XCBuildConfiguration section */
		758E5F47222C857900D77169 /* Debug */ = {
			isa = XCBuildConfiguration;
			buildSettings = {
				ALWAYS_SEARCH_USER_PATHS = NO;
				CLANG_ANALYZER_NONNULL = YES;
				CLANG_ANALYZER_NUMBER_OBJECT_CONVERSION = YES_AGGRESSIVE;
				CLANG_CXX_LANGUAGE_STANDARD = "gnu++14";
				CLANG_CXX_LIBRARY = "libc++";
				CLANG_ENABLE_MODULES = YES;
				CLANG_ENABLE_OBJC_ARC = YES;
				CLANG_ENABLE_OBJC_WEAK = YES;
				CLANG_WARN_BLOCK_CAPTURE_AUTORELEASING = YES;
				CLANG_WARN_BOOL_CONVERSION = YES;
				CLANG_WARN_COMMA = YES;
				CLANG_WARN_CONSTANT_CONVERSION = YES;
				CLANG_WARN_DEPRECATED_OBJC_IMPLEMENTATIONS = YES;
				CLANG_WARN_DIRECT_OBJC_ISA_USAGE = YES_ERROR;
				CLANG_WARN_DOCUMENTATION_COMMENTS = YES;
				CLANG_WARN_EMPTY_BODY = YES;
				CLANG_WARN_ENUM_CONVERSION = YES;
				CLANG_WARN_INFINITE_RECURSION = YES;
				CLANG_WARN_INT_CONVERSION = YES;
				CLANG_WARN_NON_LITERAL_NULL_CONVERSION = YES;
				CLANG_WARN_OBJC_IMPLICIT_RETAIN_SELF = YES;
				CLANG_WARN_OBJC_LITERAL_CONVERSION = YES;
				CLANG_WARN_OBJC_ROOT_CLASS = YES_ERROR;
				CLANG_WARN_RANGE_LOOP_ANALYSIS = YES;
				CLANG_WARN_STRICT_PROTOTYPES = YES;
				CLANG_WARN_SUSPICIOUS_MOVE = YES;
				CLANG_WARN_UNGUARDED_AVAILABILITY = YES_AGGRESSIVE;
				CLANG_WARN_UNREACHABLE_CODE = YES;
				CLANG_WARN__DUPLICATE_METHOD_MATCH = YES;
				CODE_SIGN_IDENTITY = "iPhone Developer";
				COPY_PHASE_STRIP = NO;
				DEBUG_INFORMATION_FORMAT = dwarf;
				ENABLE_STRICT_OBJC_MSGSEND = YES;
				ENABLE_TESTABILITY = YES;
				GCC_C_LANGUAGE_STANDARD = gnu11;
				GCC_DYNAMIC_NO_PIC = NO;
				GCC_NO_COMMON_BLOCKS = YES;
				GCC_OPTIMIZATION_LEVEL = 0;
				GCC_PREPROCESSOR_DEFINITIONS = (
					"DEBUG=1",
					"$(inherited)",
				);
				GCC_WARN_64_TO_32_BIT_CONVERSION = YES;
				GCC_WARN_ABOUT_RETURN_TYPE = YES_ERROR;
				GCC_WARN_UNDECLARED_SELECTOR = YES;
				GCC_WARN_UNINITIALIZED_AUTOS = YES_AGGRESSIVE;
				GCC_WARN_UNUSED_FUNCTION = YES;
				GCC_WARN_UNUSED_VARIABLE = YES;
				IPHONEOS_DEPLOYMENT_TARGET = 12.1;
				MTL_ENABLE_DEBUG_INFO = INCLUDE_SOURCE;
				MTL_FAST_MATH = YES;
				ONLY_ACTIVE_ARCH = YES;
				SDKROOT = iphoneos;
				SWIFT_ACTIVE_COMPILATION_CONDITIONS = DEBUG;
				SWIFT_OPTIMIZATION_LEVEL = "-Onone";
			};
			name = Debug;
		};
		758E5F48222C857900D77169 /* Release */ = {
			isa = XCBuildConfiguration;
			buildSettings = {
				ALWAYS_SEARCH_USER_PATHS = NO;
				CLANG_ANALYZER_NONNULL = YES;
				CLANG_ANALYZER_NUMBER_OBJECT_CONVERSION = YES_AGGRESSIVE;
				CLANG_CXX_LANGUAGE_STANDARD = "gnu++14";
				CLANG_CXX_LIBRARY = "libc++";
				CLANG_ENABLE_MODULES = YES;
				CLANG_ENABLE_OBJC_ARC = YES;
				CLANG_ENABLE_OBJC_WEAK = YES;
				CLANG_WARN_BLOCK_CAPTURE_AUTORELEASING = YES;
				CLANG_WARN_BOOL_CONVERSION = YES;
				CLANG_WARN_COMMA = YES;
				CLANG_WARN_CONSTANT_CONVERSION = YES;
				CLANG_WARN_DEPRECATED_OBJC_IMPLEMENTATIONS = YES;
				CLANG_WARN_DIRECT_OBJC_ISA_USAGE = YES_ERROR;
				CLANG_WARN_DOCUMENTATION_COMMENTS = YES;
				CLANG_WARN_EMPTY_BODY = YES;
				CLANG_WARN_ENUM_CONVERSION = YES;
				CLANG_WARN_INFINITE_RECURSION = YES;
				CLANG_WARN_INT_CONVERSION = YES;
				CLANG_WARN_NON_LITERAL_NULL_CONVERSION = YES;
				CLANG_WARN_OBJC_IMPLICIT_RETAIN_SELF = YES;
				CLANG_WARN_OBJC_LITERAL_CONVERSION = YES;
				CLANG_WARN_OBJC_ROOT_CLASS = YES_ERROR;
				CLANG_WARN_RANGE_LOOP_ANALYSIS = YES;
				CLANG_WARN_STRICT_PROTOTYPES = YES;
				CLANG_WARN_SUSPICIOUS_MOVE = YES;
				CLANG_WARN_UNGUARDED_AVAILABILITY = YES_AGGRESSIVE;
				CLANG_WARN_UNREACHABLE_CODE = YES;
				CLANG_WARN__DUPLICATE_METHOD_MATCH = YES;
				CODE_SIGN_IDENTITY = "iPhone Developer";
				COPY_PHASE_STRIP = NO;
				DEBUG_INFORMATION_FORMAT = "dwarf-with-dsym";
				ENABLE_NS_ASSERTIONS = NO;
				ENABLE_STRICT_OBJC_MSGSEND = YES;
				GCC_C_LANGUAGE_STANDARD = gnu11;
				GCC_NO_COMMON_BLOCKS = YES;
				GCC_WARN_64_TO_32_BIT_CONVERSION = YES;
				GCC_WARN_ABOUT_RETURN_TYPE = YES_ERROR;
				GCC_WARN_UNDECLARED_SELECTOR = YES;
				GCC_WARN_UNINITIALIZED_AUTOS = YES_AGGRESSIVE;
				GCC_WARN_UNUSED_FUNCTION = YES;
				GCC_WARN_UNUSED_VARIABLE = YES;
				IPHONEOS_DEPLOYMENT_TARGET = 12.1;
				MTL_ENABLE_DEBUG_INFO = NO;
				MTL_FAST_MATH = YES;
				SDKROOT = iphoneos;
				SWIFT_COMPILATION_MODE = wholemodule;
				SWIFT_OPTIMIZATION_LEVEL = "-O";
				VALIDATE_PRODUCT = YES;
			};
			name = Release;
		};
		758E5F4A222C857900D77169 /* Debug */ = {
			isa = XCBuildConfiguration;
			baseConfigurationReference = 57A33AAAAA3CEF354DDCCC2B /* Pods-Brightspots.debug.xcconfig */;
			buildSettings = {
				ASSETCATALOG_COMPILER_APPICON_NAME = AppIcon;
				CODE_SIGN_STYLE = Automatic;
				DEVELOPMENT_TEAM = 878J2FB9S8;
				INFOPLIST_FILE = Brightspots/Info.plist;
				IPHONEOS_DEPLOYMENT_TARGET = 11.4;
				LD_RUNPATH_SEARCH_PATHS = (
					"$(inherited)",
					"@executable_path/Frameworks",
				);
				MARKETING_VERSION = 0.1;
				PRODUCT_BUNDLE_IDENTIFIER = personal.Brightspots;
				PRODUCT_NAME = "$(TARGET_NAME)";
				SWIFT_VERSION = 5.0;
				TARGETED_DEVICE_FAMILY = 1;
			};
			name = Debug;
		};
		758E5F4B222C857900D77169 /* Release */ = {
			isa = XCBuildConfiguration;
			baseConfigurationReference = C12387F41CE4332CB568FF80 /* Pods-Brightspots.release.xcconfig */;
			buildSettings = {
				ASSETCATALOG_COMPILER_APPICON_NAME = AppIcon;
				CODE_SIGN_STYLE = Automatic;
				DEVELOPMENT_TEAM = 878J2FB9S8;
				INFOPLIST_FILE = Brightspots/Info.plist;
				IPHONEOS_DEPLOYMENT_TARGET = 11.4;
				LD_RUNPATH_SEARCH_PATHS = (
					"$(inherited)",
					"@executable_path/Frameworks",
				);
				MARKETING_VERSION = 0.1;
				PRODUCT_BUNDLE_IDENTIFIER = personal.Brightspots;
				PRODUCT_NAME = "$(TARGET_NAME)";
				SWIFT_VERSION = 5.0;
				TARGETED_DEVICE_FAMILY = 1;
			};
			name = Release;
		};
		758E5F4D222C857900D77169 /* Debug */ = {
			isa = XCBuildConfiguration;
			baseConfigurationReference = 1D5194D63CC05F9AF93EAA8E /* Pods-BrightspotsTests.debug.xcconfig */;
			buildSettings = {
				ALWAYS_EMBED_SWIFT_STANDARD_LIBRARIES = YES;
				BUNDLE_LOADER = "$(TEST_HOST)";
				CODE_SIGN_STYLE = Automatic;
				DEVELOPMENT_TEAM = 878J2FB9S8;
				INFOPLIST_FILE = BrightspotsTests/Info.plist;
				LD_RUNPATH_SEARCH_PATHS = (
					"$(inherited)",
					"@executable_path/Frameworks",
					"@loader_path/Frameworks",
				);
				PRODUCT_BUNDLE_IDENTIFIER = personal.BrightspotsTests;
				PRODUCT_NAME = "$(TARGET_NAME)";
				SWIFT_VERSION = 5.0;
				TARGETED_DEVICE_FAMILY = "1,2";
				TEST_HOST = "$(BUILT_PRODUCTS_DIR)/Brightspots.app/Brightspots";
			};
			name = Debug;
		};
		758E5F4E222C857900D77169 /* Release */ = {
			isa = XCBuildConfiguration;
			baseConfigurationReference = 4083E7344E27775DDCBC8485 /* Pods-BrightspotsTests.release.xcconfig */;
			buildSettings = {
				ALWAYS_EMBED_SWIFT_STANDARD_LIBRARIES = YES;
				BUNDLE_LOADER = "$(TEST_HOST)";
				CODE_SIGN_STYLE = Automatic;
				DEVELOPMENT_TEAM = 878J2FB9S8;
				INFOPLIST_FILE = BrightspotsTests/Info.plist;
				LD_RUNPATH_SEARCH_PATHS = (
					"$(inherited)",
					"@executable_path/Frameworks",
					"@loader_path/Frameworks",
				);
				PRODUCT_BUNDLE_IDENTIFIER = personal.BrightspotsTests;
				PRODUCT_NAME = "$(TARGET_NAME)";
				SWIFT_VERSION = 5.0;
				TARGETED_DEVICE_FAMILY = "1,2";
				TEST_HOST = "$(BUILT_PRODUCTS_DIR)/Brightspots.app/Brightspots";
			};
			name = Release;
		};
/* End XCBuildConfiguration section */

/* Begin XCConfigurationList section */
		758E5F1A222C857700D77169 /* Build configuration list for PBXProject "Brightspots" */ = {
			isa = XCConfigurationList;
			buildConfigurations = (
				758E5F47222C857900D77169 /* Debug */,
				758E5F48222C857900D77169 /* Release */,
			);
			defaultConfigurationIsVisible = 0;
			defaultConfigurationName = Release;
		};
		758E5F49222C857900D77169 /* Build configuration list for PBXNativeTarget "Brightspots" */ = {
			isa = XCConfigurationList;
			buildConfigurations = (
				758E5F4A222C857900D77169 /* Debug */,
				758E5F4B222C857900D77169 /* Release */,
			);
			defaultConfigurationIsVisible = 0;
			defaultConfigurationName = Release;
		};
		758E5F4C222C857900D77169 /* Build configuration list for PBXNativeTarget "BrightspotsTests" */ = {
			isa = XCConfigurationList;
			buildConfigurations = (
				758E5F4D222C857900D77169 /* Debug */,
				758E5F4E222C857900D77169 /* Release */,
			);
			defaultConfigurationIsVisible = 0;
			defaultConfigurationName = Release;
		};
/* End XCConfigurationList section */
	};
	rootObject = 758E5F17222C857700D77169 /* Project object */;
}
